
Microsoft Visual Studio Solution File, Format Version 12.00
# Visual Studio Version 17
VisualStudioVersion = 17.3.32929.385
MinimumVisualStudioVersion = 10.0.40219.1
Project("{9A19103F-16F7-4668-BE54-9A1E7A4F7556}") = "TurnBasedRPG", "TurnBasedRPG\TurnBasedRPG.csproj", "{BD1C7E89-8BFC-4459-91F5-7572C031A2C4}"
EndProject
Global
	GlobalSection(SolutionConfigurationPlatforms) = preSolution
		Debug|Any CPU = Debug|Any CPU
		Release|Any CPU = Release|Any CPU
	EndGlobalSection
	GlobalSection(ProjectConfigurationPlatforms) = postSolution
		{BD1C7E89-8BFC-4459-91F5-7572C031A2C4}.Debug|Any CPU.ActiveCfg = Debug|Any CPU
		{BD1C7E89-8BFC-4459-91F5-7572C031A2C4}.Debug|Any CPU.Build.0 = Debug|Any CPU
		{BD1C7E89-8BFC-4459-91F5-7572C031A2C4}.Release|Any CPU.ActiveCfg = Release|Any CPU
		{BD1C7E89-8BFC-4459-91F5-7572C031A2C4}.Release|Any CPU.Build.0 = Release|Any CPU
	EndGlobalSection
	GlobalSection(SolutionProperties) = preSolution
		HideSolutionNode = FALSE
	EndGlobalSection
	GlobalSection(ExtensibilityGlobals) = postSolution
		SolutionGuid = {08D5BA93-EBF8-4081-B568-141B32A8C348}
	EndGlobalSection
EndGlobal
